# THIS IS AN AUTOGENERATED FILE. DO NOT EDIT THIS FILE DIRECTLY.
# yarn lockfile v1


"@types/joi@^14.0.0":
  version "14.0.0"
  resolved "https://registry.yarnpkg.com/@types/joi/-/joi-14.0.0.tgz#7906aca6850868f39f888efcaef28bbcbbab5498"
  integrity sha512-q3r+5QfNrthJL+5Pvb9MOP7rJniTfAV+cGbsO2a3ItGSuwmp2vdjjZ/VCWKwGT5lNx4eOvZI4O3IpSIXh3f4RA==

"@types/node@10.12.0":
  version "10.12.0"
  resolved "https://registry.yarnpkg.com/@types/node/-/node-10.12.0.tgz#ea6dcbddbc5b584c83f06c60e82736d8fbb0c235"
  integrity sha512-3TUHC3jsBAB7qVRGxT6lWyYo2v96BMmD2PTcl47H25Lu7UXtFH/2qqmKiVrnel6Ne//0TFYf6uvNX+HW2FRkLQ==

hoek@6.x.x:
  version "6.0.0"
  resolved "https://registry.yarnpkg.com/hoek/-/hoek-6.0.0.tgz#747680290249203ad096ff33d1699adf5e8e73bd"
  integrity sha512-NCB2kQcmiazLBKaM/uTvw+2XWSuwA8Q1ACBkvbEL9ScCe7DP8Divg3MF2aFOYLGdA64SPf9+gr2QESO9l0ULVQ==

isemail@3.x.x:
  version "3.2.0"
  resolved "https://registry.yarnpkg.com/isemail/-/isemail-3.2.0.tgz#59310a021931a9fb06bbb51e155ce0b3f236832c"
  integrity sha512-zKqkK+O+dGqevc93KNsbZ/TqTUFd46MwWjYOoMrjIMZ51eU7DtQG3Wmd9SQQT7i7RVnuTPEiYEWHU3MSbxC1Tg==
  dependencies:
    punycode "2.x.x"

joi@^14.0.3:
  version "14.0.3"
  resolved "https://registry.yarnpkg.com/joi/-/joi-14.0.3.tgz#5ab9091ec972837b348c05177c860e004f08991f"
  integrity sha512-EtFiturEwhrNuTn1bpR4VodSPsi6r1A661BjLC6OMnETU+ClDdyV1aKWXgPTYKs+mVjvsPRtdn7rsgxbXU+jiQ==
  dependencies:
    hoek "6.x.x"
    isemail "3.x.x"
    topo "3.x.x"

punycode@2.x.x:
  version "2.1.1"
  resolved "https://registry.yarnpkg.com/punycode/-/punycode-2.1.1.tgz#b58b010ac40c22c5657616c8d2c2c02c7bf479ec"
  integrity sha512-XRsRjdf+j5ml+y/6GKHPZbrF/8p2Yga0JPtdqTIY2Xe5ohJPD9saDJJLPvp9+NSBprVvevdXZybnj2cv8OEd0A==

topo@3.x.x:
  version "3.0.2"
  resolved "https://registry.yarnpkg.com/topo/-/topo-3.0.2.tgz#1d226191f73b2852c39822786e390407b44da6f6"
  integrity sha512-fGuXH4Ee+RCiZ6edV/lZVY1VNVD4mR+VklPS+bSjYug06im3AlUcPaEB4Lss2pPM/u1h+zxiE/X0Pkhj7pFuKw==
  dependencies:
    hoek "6.x.x"

typescript@3.1.3:
  version "3.1.3"
  resolved "https://registry.yarnpkg.com/typescript/-/typescript-3.1.3.tgz#01b70247a6d3c2467f70c45795ef5ea18ce191d5"
  integrity sha512-+81MUSyX+BaSo+u2RbozuQk/UWx6hfG0a5gHu4ANEM4sU96XbuIyAB+rWBW1u70c6a5QuZfuYICn3s2UjuHUpA==
