# THIS IS AN AUTOGENERATED FILE. DO NOT EDIT THIS FILE DIRECTLY.
# yarn lockfile v1


"@types/joi@^13.6.1":
  version "13.6.1"
  resolved "https://registry.yarnpkg.com/@types/joi/-/joi-13.6.1.tgz#325486a397504f8e22c8c551dc8b0e1d41d5d5ae"
  integrity sha512-JxZ0NP8NuB0BJOXi1KvAA6rySLTPmhOy4n2gzSFq/IFM3LNFm0h+2Vn/bPPgEYlWqzS2NPeLgKqfm75baX+Hog==

"@types/node@10.12.0":
  version "10.12.0"
  resolved "https://registry.yarnpkg.com/@types/node/-/node-10.12.0.tgz#ea6dcbddbc5b584c83f06c60e82736d8fbb0c235"
  integrity sha512-3TUHC3jsBAB7qVRGxT6lWyYo2v96BMmD2PTcl47H25Lu7UXtFH/2qqmKiVrnel6Ne//0TFYf6uvNX+HW2FRkLQ==

class-validator@^0.9.1:
  version "0.9.1"
  resolved "https://registry.yarnpkg.com/class-validator/-/class-validator-0.9.1.tgz#d60e58c5d14abca0a41bce38cf792ad4c46d1531"
  integrity sha512-3wApflrd3ywVZyx4jaasGoFt8pmo4aGLPPAEKCKCsTRWVGPilahD88q3jQjRQwja50rl9a7rsP5LAxJYwGK8/Q==
  dependencies:
    google-libphonenumber "^3.1.6"
    validator "10.4.0"

google-libphonenumber@^3.1.6:
  version "3.1.15"
  resolved "https://registry.yarnpkg.com/google-libphonenumber/-/google-libphonenumber-3.1.15.tgz#534d923bc7dcaf0235d4320f631229c1c78de2c8"
  integrity sha512-KmGOCMoeSMlXauNgBNmscpygZkqu9W4brL1JfEo+dvbCYXIfLUZVPS4MXGlE5BuLE+HBEPwSX4LEyu1PwgKWvw==

hoek@5.x.x:
  version "5.0.4"
  resolved "https://registry.yarnpkg.com/hoek/-/hoek-5.0.4.tgz#0f7fa270a1cafeb364a4b2ddfaa33f864e4157da"
  integrity sha512-Alr4ZQgoMlnere5FZJsIyfIjORBqZll5POhDsF4q64dPuJR6rNxXdDxtHSQq8OXRurhmx+PWYEE8bXRROY8h0w==

isemail@3.x.x:
  version "3.2.0"
  resolved "https://registry.yarnpkg.com/isemail/-/isemail-3.2.0.tgz#59310a021931a9fb06bbb51e155ce0b3f236832c"
  integrity sha512-zKqkK+O+dGqevc93KNsbZ/TqTUFd46MwWjYOoMrjIMZ51eU7DtQG3Wmd9SQQT7i7RVnuTPEiYEWHU3MSbxC1Tg==
  dependencies:
    punycode "2.x.x"

joi@^14.0.1:
  version "14.0.1"
  resolved "https://registry.yarnpkg.com/joi/-/joi-14.0.1.tgz#5bc53e8fff6e6da19d6cd8c76e2afe5c0815a2d3"
  integrity sha512-M8yD7j1G/9UfJ40h97ophm/flC0zDXUn1RrK3GEm2IsyxOOJAnjQiYLLFS5p75gDGtaKwAPMB4JNLLr5yvCadw==
  dependencies:
    hoek "5.x.x"
    isemail "3.x.x"
    topo "3.x.x"

punycode@2.x.x:
  version "2.1.1"
  resolved "https://registry.yarnpkg.com/punycode/-/punycode-2.1.1.tgz#b58b010ac40c22c5657616c8d2c2c02c7bf479ec"
  integrity sha512-XRsRjdf+j5ml+y/6GKHPZbrF/8p2Yga0JPtdqTIY2Xe5ohJPD9saDJJLPvp9+NSBprVvevdXZybnj2cv8OEd0A==

reflect-metadata@^0.1.12:
  version "0.1.12"
  resolved "https://registry.yarnpkg.com/reflect-metadata/-/reflect-metadata-0.1.12.tgz#311bf0c6b63cd782f228a81abe146a2bfa9c56f2"
  integrity sha512-n+IyV+nGz3+0q3/Yf1ra12KpCyi001bi4XFxSjbiWWjfqb52iTTtpGXmCCAOWWIAn9KEuFZKGqBERHmrtScZ3A==

topo@3.x.x:
  version "3.0.0"
  resolved "https://registry.yarnpkg.com/topo/-/topo-3.0.0.tgz#37e48c330efeac784538e0acd3e62ca5e231fe7a"
  integrity sha512-Tlu1fGlR90iCdIPURqPiufqAlCZYzLjHYVVbcFWDMcX7+tK8hdZWAfsMrD/pBul9jqHHwFjNdf1WaxA9vTRRhw==
  dependencies:
    hoek "5.x.x"

typescript@3.1.3:
  version "3.1.3"
  resolved "https://registry.yarnpkg.com/typescript/-/typescript-3.1.3.tgz#01b70247a6d3c2467f70c45795ef5ea18ce191d5"
  integrity sha512-+81MUSyX+BaSo+u2RbozuQk/UWx6hfG0a5gHu4ANEM4sU96XbuIyAB+rWBW1u70c6a5QuZfuYICn3s2UjuHUpA==

validator@10.4.0:
  version "10.4.0"
  resolved "https://registry.yarnpkg.com/validator/-/validator-10.4.0.tgz#ee99a44afb3bb5ed350a159f056ca72a204cfc3c"
  integrity sha512-Q/wBy3LB1uOyssgNlXSRmaf22NxjvDNZM2MtIQ4jaEOAB61xsh1TQxsq1CgzUMBV1lDrVMogIh8GjG1DYW0zLg==
